
Microsoft Visual Studio Solution File, Format Version 12.00
# Visual Studio Version 17
VisualStudioVersion = 17.5.33627.172
MinimumVisualStudioVersion = 10.0.40219.1
Project("{8BC9CEB8-8B4A-11D0-8D11-00A0C91BC942}") = "TheDaVinciCode", "TheDaVinciCode.vcxproj", "{B48BA1E2-7084-4AE2-9E09-4D228E957902}"
EndProject
Global
	GlobalSection(SolutionConfigurationPlatforms) = preSolution
		Debug|x64 = Debug|x64
		Debug|x86 = Debug|x86
		Release|x64 = Release|x64
		Release|x86 = Release|x86
	EndGlobalSection
	GlobalSection(ProjectConfigurationPlatforms) = postSolution
		{B48BA1E2-7084-4AE2-9E09-4D228E957902}.Debug|x64.ActiveCfg = Debug|x64
		{B48BA1E2-7084-4AE2-9E09-4D228E957902}.Debug|x64.Build.0 = Debug|x64
		{B48BA1E2-7084-4AE2-9E09-4D228E957902}.Debug|x86.ActiveCfg = Debug|Win32
		{B48BA1E2-7084-4AE2-9E09-4D228E957902}.Debug|x86.Build.0 = Debug|Win32
		{B48BA1E2-7084-4AE2-9E09-4D228E957902}.Release|x64.ActiveCfg = Release|x64
		{B48BA1E2-7084-4AE2-9E09-4D228E957902}.Release|x64.Build.0 = Release|x64
		{B48BA1E2-7084-4AE2-9E09-4D228E957902}.Release|x86.ActiveCfg = Release|Win32
		{B48BA1E2-7084-4AE2-9E09-4D228E957902}.Release|x86.Build.0 = Release|Win32
	EndGlobalSection
	GlobalSection(SolutionProperties) = preSolution
		HideSolutionNode = FALSE
	EndGlobalSection
	GlobalSection(ExtensibilityGlobals) = postSolution
		SolutionGuid = {D1C85280-6D8F-4279-A3EC-EE6091748FF1}
	EndGlobalSection
EndGlobal
